
Microsoft Visual Studio Solution File, Format Version 12.00
# Visual Studio Version 17
VisualStudioVersion = 17.1.32319.34
MinimumVisualStudioVersion = 10.0.40219.1
Project("{9A19103F-16F7-4668-BE54-9A1E7A4F7556}") = "Business", "Business\Business.csproj", "{B97E83B6-14B6-4244-86AF-D6C3FBED14B9}"
EndProject
Project("{9A19103F-16F7-4668-BE54-9A1E7A4F7556}") = "Entities", "Entities\Entities.csproj", "{CBC4F75C-28AD-4AF5-A5C9-715075BA77F6}"
EndProject
Project("{9A19103F-16F7-4668-BE54-9A1E7A4F7556}") = "DataAccess", "DataAccess\DataAccess.csproj", "{8723D087-6F97-44CE-BA2C-DD924170C687}"
EndProject
Project("{9A19103F-16F7-4668-BE54-9A1E7A4F7556}") = "WebApi", "WebApi\WebApi.csproj", "{352C234A-1F32-4BC9-A866-BB5ED0FD651C}"
EndProject
Global
	GlobalSection(SolutionConfigurationPlatforms) = preSolution
		Debug|Any CPU = Debug|Any CPU
		Release|Any CPU = Release|Any CPU
	EndGlobalSection
	GlobalSection(ProjectConfigurationPlatforms) = postSolution
		{B97E83B6-14B6-4244-86AF-D6C3FBED14B9}.Debug|Any CPU.ActiveCfg = Debug|Any CPU
		{B97E83B6-14B6-4244-86AF-D6C3FBED14B9}.Debug|Any CPU.Build.0 = Debug|Any CPU
		{B97E83B6-14B6-4244-86AF-D6C3FBED14B9}.Release|Any CPU.ActiveCfg = Release|Any CPU
		{B97E83B6-14B6-4244-86AF-D6C3FBED14B9}.Release|Any CPU.Build.0 = Release|Any CPU
		{CBC4F75C-28AD-4AF5-A5C9-715075BA77F6}.Debug|Any CPU.ActiveCfg = Debug|Any CPU
		{CBC4F75C-28AD-4AF5-A5C9-715075BA77F6}.Debug|Any CPU.Build.0 = Debug|Any CPU
		{CBC4F75C-28AD-4AF5-A5C9-715075BA77F6}.Release|Any CPU.ActiveCfg = Release|Any CPU
		{CBC4F75C-28AD-4AF5-A5C9-715075BA77F6}.Release|Any CPU.Build.0 = Release|Any CPU
		{8723D087-6F97-44CE-BA2C-DD924170C687}.Debug|Any CPU.ActiveCfg = Debug|Any CPU
		{8723D087-6F97-44CE-BA2C-DD924170C687}.Debug|Any CPU.Build.0 = Debug|Any CPU
		{8723D087-6F97-44CE-BA2C-DD924170C687}.Release|Any CPU.ActiveCfg = Release|Any CPU
		{8723D087-6F97-44CE-BA2C-DD924170C687}.Release|Any CPU.Build.0 = Release|Any CPU
		{352C234A-1F32-4BC9-A866-BB5ED0FD651C}.Debug|Any CPU.ActiveCfg = Debug|Any CPU
		{352C234A-1F32-4BC9-A866-BB5ED0FD651C}.Debug|Any CPU.Build.0 = Debug|Any CPU
		{352C234A-1F32-4BC9-A866-BB5ED0FD651C}.Release|Any CPU.ActiveCfg = Release|Any CPU
		{352C234A-1F32-4BC9-A866-BB5ED0FD651C}.Release|Any CPU.Build.0 = Release|Any CPU
	EndGlobalSection
	GlobalSection(SolutionProperties) = preSolution
		HideSolutionNode = FALSE
	EndGlobalSection
	GlobalSection(ExtensibilityGlobals) = postSolution
		SolutionGuid = {AA12795C-E627-4777-9C68-8367A683D01A}
	EndGlobalSection
EndGlobal
